
Microsoft Visual Studio Solution File, Format Version 12.00
# Visual Studio Version 17
VisualStudioVersion = 17.3.32819.101
MinimumVisualStudioVersion = 10.0.40219.1
Project("{FAE04EC0-301F-11D3-BF4B-00C04F79EFBC}") = "HelloWorld", "HelloWorld.csproj", "{2A81B60A-F0DE-4303-A2FB-CD1F5FA3776E}"
EndProject
Global
	GlobalSection(SolutionConfigurationPlatforms) = preSolution
		Debug|Any CPU = Debug|Any CPU
		Release|Any CPU = Release|Any CPU
	EndGlobalSection
	GlobalSection(ProjectConfigurationPlatforms) = postSolution
		{2A81B60A-F0DE-4303-A2FB-CD1F5FA3776E}.Debug|Any CPU.ActiveCfg = Debug|Any CPU
		{2A81B60A-F0DE-4303-A2FB-CD1F5FA3776E}.Debug|Any CPU.Build.0 = Debug|Any CPU
		{2A81B60A-F0DE-4303-A2FB-CD1F5FA3776E}.Release|Any CPU.ActiveCfg = Release|Any CPU
		{2A81B60A-F0DE-4303-A2FB-CD1F5FA3776E}.Release|Any CPU.Build.0 = Release|Any CPU
	EndGlobalSection
	GlobalSection(SolutionProperties) = preSolution
		HideSolutionNode = FALSE
	EndGlobalSection
	GlobalSection(ExtensibilityGlobals) = postSolution
		SolutionGuid = {1F06004D-5A4A-46EC-981E-DB33711802CA}
	EndGlobalSection
EndGlobal
